
Microsoft Visual Studio Solution File, Format Version 12.00
# Visual Studio Version 17
VisualStudioVersion = 17.3.32922.545
MinimumVisualStudioVersion = 10.0.40219.1
Project("{FAE04EC0-301F-11D3-BF4B-00C04F79EFBC}") = "WebApplication2", "WebApplication2\WebApplication2.csproj", "{F4476321-9767-47E2-9786-5BEE0A1ECA98}"
EndProject
Global
	GlobalSection(SolutionConfigurationPlatforms) = preSolution
		Debug|Any CPU = Debug|Any CPU
		Release|Any CPU = Release|Any CPU
	EndGlobalSection
	GlobalSection(ProjectConfigurationPlatforms) = postSolution
		{F4476321-9767-47E2-9786-5BEE0A1ECA98}.Debug|Any CPU.ActiveCfg = Debug|Any CPU
		{F4476321-9767-47E2-9786-5BEE0A1ECA98}.Debug|Any CPU.Build.0 = Debug|Any CPU
		{F4476321-9767-47E2-9786-5BEE0A1ECA98}.Release|Any CPU.ActiveCfg = Release|Any CPU
		{F4476321-9767-47E2-9786-5BEE0A1ECA98}.Release|Any CPU.Build.0 = Release|Any CPU
	EndGlobalSection
	GlobalSection(SolutionProperties) = preSolution
		HideSolutionNode = FALSE
	EndGlobalSection
	GlobalSection(ExtensibilityGlobals) = postSolution
		SolutionGuid = {7F37609B-9DBE-4381-9ACB-CE58B32EC6C0}
	EndGlobalSection
EndGlobal
